<?xml version="1.0" encoding="utf-8"?>
<Project ToolsVersion="4.0" xmlns="http://schemas.microsoft.com/developer/msbuild/2003">
  <ItemGroup>
    <Filter Include="Source Files">
      <UniqueIdentifier>{4FC737F1-C7A5-4376-A066-2A32D752A2FF}</UniqueIdentifier>
      <Extensions>cpp;c;cc;cxx;c++;cppm;ixx;def;odl;idl;hpj;bat;asm;asmx</Extensions>
    </Filter>
    <Filter Include="Header Files">
      <UniqueIdentifier>{93995380-89BD-4b04-88EB-625FBE52EBFB}</UniqueIdentifier>
      <Extensions>h;hh;hpp;hxx;h++;hm;inl;inc;ipp;xsd</Extensions>
    </Filter>
    <Filter Include="Resource Files">
      <UniqueIdentifier>{67DA6AB6-F800-4c08-8B7A-83BB121AAD01}</UniqueIdentifier>
      <Extensions>rc;ico;cur;bmp;dlg;rc2;rct;bin;rgs;gif;jpg;jpeg;jpe;resx;tiff;tif;png;wav;mfcribbon-ms</Extensions>
    </Filter>
  </ItemGroup>
  <ItemGroup>
    <ClInclude Include="test_font_run_itemizer.h">
      <Filter>Source Files</Filter>
    </ClInclude>
    <ClInclude Include="test_font_support.h">
      <Filter>Source Files</Filter>
    </ClInclude>
    <ClInclude Include="test_grapheme_break_conformance.h">
      <Filter>Source Files</Filter>
    </ClInclude>
    <ClInclude Include="test_grapheme_property_stream.h">
      <Filter>Source Files</Filter>
    </ClInclude>
    <ClInclude Include="test_grapheme_stream.h">
      <Filter>Source Files</Filter>
    </ClInclude>
    <ClInclude Include="test_opentype_feature_selection.h">
      <Filter>Source Files</Filter>
    </ClInclude>
    <ClInclude Include="test_opentype_gdef_view.h">
      <Filter>Source Files</Filter>
    </ClInclude>
    <ClInclude Include="test_opentype_gpos_anchor_view.h">
      <Filter>Source Files</Filter>
    </ClInclude>
    <ClInclude Include="test_opentype_gpos_apply_state.h">
      <Filter>Source Files</Filter>
    </ClInclude>
    <ClInclude Include="test_opentype_gpos_chain_context_apply.h">
      <Filter>Source Files</Filter>
    </ClInclude>
    <ClInclude Include="test_opentype_gpos_chain_context_match.h">
      <Filter>Source Files</Filter>
    </ClInclude>
    <ClInclude Include="test_opentype_gpos_chain_context_view.h">
      <Filter>Source Files</Filter>
    </ClInclude>
    <ClInclude Include="test_opentype_gpos_context_apply.h">
      <Filter>Source Files</Filter>
    </ClInclude>
    <ClInclude Include="test_opentype_gpos_context_match.h">
      <Filter>Source Files</Filter>
    </ClInclude>
    <ClInclude Include="test_opentype_gpos_context_view.h">
      <Filter>Source Files</Filter>
    </ClInclude>
    <ClInclude Include="test_opentype_gpos_cursive_apply.h">
      <Filter>Source Files</Filter>
    </ClInclude>
    <ClInclude Include="test_opentype_gpos_cursive_view.h">
      <Filter>Source Files</Filter>
    </ClInclude>
    <ClInclude Include="test_opentype_gpos_extension_apply.h">
      <Filter>Source Files</Filter>
    </ClInclude>
    <ClInclude Include="test_opentype_gpos_extension_view.h">
      <Filter>Source Files</Filter>
    </ClInclude>
    <ClInclude Include="test_opentype_gpos_mark_base_apply.h">
      <Filter>Source Files</Filter>
    </ClInclude>
    <ClInclude Include="test_opentype_gpos_mark_base_view.h">
      <Filter>Source Files</Filter>
    </ClInclude>
    <ClInclude Include="test_opentype_gpos_mark_ligature_apply.h">
      <Filter>Source Files</Filter>
    </ClInclude>
    <ClInclude Include="test_opentype_gpos_mark_ligature_view.h">
      <Filter>Source Files</Filter>
    </ClInclude>
    <ClInclude Include="test_opentype_gpos_mark_mark_apply.h">
      <Filter>Source Files</Filter>
    </ClInclude>
    <ClInclude Include="test_opentype_gpos_mark_mark_view.h">
      <Filter>Source Files</Filter>
    </ClInclude>
    <ClInclude Include="test_opentype_gpos_orchestrator.h">
      <Filter>Source Files</Filter>
    </ClInclude>
    <ClInclude Include="test_opentype_gpos_pair.h">
      <Filter>Source Files</Filter>
    </ClInclude>
    <ClInclude Include="test_opentype_gpos_single.h">
      <Filter>Source Files</Filter>
    </ClInclude>
    <ClInclude Include="test_opentype_gpos_value_record.h">
      <Filter>Source Files</Filter>
    </ClInclude>
    <ClInclude Include="test_opentype_gsub_alternate_apply.h">
      <Filter>Source Files</Filter>
    </ClInclude>
    <ClInclude Include="test_opentype_gsub_alternate_view.h">
      <Filter>Source Files</Filter>
    </ClInclude>
    <ClInclude Include="test_opentype_gsub_chain_context_apply.h">
      <Filter>Source Files</Filter>
    </ClInclude>
    <ClInclude Include="test_opentype_gsub_chain_context_match.h">
      <Filter>Source Files</Filter>
    </ClInclude>
    <ClInclude Include="test_opentype_gsub_chain_context_view.h">
      <Filter>Source Files</Filter>
    </ClInclude>
    <ClInclude Include="test_opentype_gsub_context_apply.h">
      <Filter>Source Files</Filter>
    </ClInclude>
    <ClInclude Include="test_opentype_gsub_context_match.h">
      <Filter>Source Files</Filter>
    </ClInclude>
    <ClInclude Include="test_opentype_gsub_context_view.h">
      <Filter>Source Files</Filter>
    </ClInclude>
    <ClInclude Include="test_opentype_gsub_extension_apply.h">
      <Filter>Source Files</Filter>
    </ClInclude>
    <ClInclude Include="test_opentype_gsub_extension_view.h">
      <Filter>Source Files</Filter>
    </ClInclude>
    <ClInclude Include="test_opentype_gsub_feature_apply.h">
      <Filter>Source Files</Filter>
    </ClInclude>
    <ClInclude Include="test_opentype_gsub_ligature_apply.h">
      <Filter>Source Files</Filter>
    </ClInclude>
    <ClInclude Include="test_opentype_gsub_ligature_filtering.h">
      <Filter>Source Files</Filter>
    </ClInclude>
    <ClInclude Include="test_opentype_gsub_ligature_provenance.h">
      <Filter>Source Files</Filter>
    </ClInclude>
    <ClInclude Include="test_opentype_gsub_ligature_view.h">
      <Filter>Source Files</Filter>
    </ClInclude>
    <ClInclude Include="test_opentype_gsub_multiple_apply.h">
      <Filter>Source Files</Filter>
    </ClInclude>
    <ClInclude Include="test_opentype_gsub_multiple_view.h">
      <Filter>Source Files</Filter>
    </ClInclude>
    <ClInclude Include="test_opentype_gsub_orchestrator.h">
      <Filter>Source Files</Filter>
    </ClInclude>
    <ClInclude Include="test_opentype_gsub_reverse_chain_single_apply.h">
      <Filter>Source Files</Filter>
    </ClInclude>
    <ClInclude Include="test_opentype_gsub_reverse_chain_single_match.h">
      <Filter>Source Files</Filter>
    </ClInclude>
    <ClInclude Include="test_opentype_gsub_reverse_chain_single_view.h">
      <Filter>Source Files</Filter>
    </ClInclude>
    <ClInclude Include="test_opentype_gsub_sequence_state.h">
      <Filter>Source Files</Filter>
    </ClInclude>
    <ClInclude Include="test_opentype_gsub_single_view.h">
      <Filter>Source Files</Filter>
    </ClInclude>
    <ClInclude Include="test_opentype_horizontal_metrics_view.h">
      <Filter>Source Files</Filter>
    </ClInclude>
    <ClInclude Include="test_opentype_horizontal_shaper.h">
      <Filter>Source Files</Filter>
    </ClInclude>
    <ClInclude Include="test_opentype_layout_feature_selection.h">
      <Filter>Source Files</Filter>
    </ClInclude>
    <ClInclude Include="test_opentype_layout_selection.h">
      <Filter>Source Files</Filter>
    </ClInclude>
    <ClInclude Include="test_opentype_lookup_glyph_filter.h">
      <Filter>Source Files</Filter>
    </ClInclude>
    <ClInclude Include="test_opentype_mark_glyph_sets_view.h">
      <Filter>Source Files</Filter>
    </ClInclude>
    <ClInclude Include="test_opentype_nominal_glyphs.h">
      <Filter>Source Files</Filter>
    </ClInclude>
    <ClInclude Include="test_opentype_nominal_metrics.h">
      <Filter>Source Files</Filter>
    </ClInclude>
    <ClInclude Include="test_opentype_nominal_metrics_integration.h">
      <Filter>Source Files</Filter>
    </ClInclude>
    <ClInclude Include="test_unicode_bidi_analysis.h">
      <Filter>Source Files</Filter>
    </ClInclude>
    <ClInclude Include="test_unicode_bidi_bd16.h">
      <Filter>Source Files</Filter>
    </ClInclude>
    <ClInclude Include="test_unicode_bidi_i1.h">
      <Filter>Source Files</Filter>
    </ClInclude>
    <ClInclude Include="test_unicode_bidi_i2.h">
      <Filter>Source Files</Filter>
    </ClInclude>
    <ClInclude Include="test_unicode_bidi_n0.h">
      <Filter>Source Files</Filter>
    </ClInclude>
    <ClInclude Include="test_unicode_bidi_n0_inspection.h">
      <Filter>Source Files</Filter>
    </ClInclude>
    <ClInclude Include="test_unicode_bidi_n0_resolution.h">
      <Filter>Source Files</Filter>
    </ClInclude>
    <ClInclude Include="test_unicode_bidi_n0_trailing_nsm.h">
      <Filter>Source Files</Filter>
    </ClInclude>
    <ClInclude Include="test_unicode_bidi_n1.h">
      <Filter>Source Files</Filter>
    </ClInclude>
    <ClInclude Include="test_unicode_bidi_n2.h">
      <Filter>Source Files</Filter>
    </ClInclude>
    <ClInclude Include="test_unicode_grapheme_bidi_levels.h">
      <Filter>Source Files</Filter>
    </ClInclude>
    <ClInclude Include="test_unicode_nfc_stream.h">
      <Filter>Source Files</Filter>
    </ClInclude>
    <ClInclude Include="test_unicode_script_analysis.h">
      <Filter>Source Files</Filter>
    </ClInclude>
    <ClInclude Include="test_unicode_shaping_run_context.h">
      <Filter>Source Files</Filter>
    </ClInclude>
    <ClInclude Include="test_unicode_shaping_run_itemizer.h">
      <Filter>Source Files</Filter>
    </ClInclude>
    <ClInclude Include="test_unicode_text_pipeline.h">
      <Filter>Source Files</Filter>
    </ClInclude>
    <ClInclude Include="test_utf8_scalar_stream.h">
      <Filter>Source Files</Filter>
    </ClInclude>
    <ClInclude Include="..\unitypr\opentype_shaping_buffer.h">
      <Filter>Header Files</Filter>
    </ClInclude>
    <ClInclude Include="..\unitypr\opentype_shaping_glyph.h">
      <Filter>Header Files</Filter>
    </ClInclude>
    <ClInclude Include="..\unitypr\opentype_shaping_policy.h">
      <Filter>Header Files</Filter>
    </ClInclude>
    <ClInclude Include="..\unitypr\shaped_glyph.h">
      <Filter>Header Files</Filter>
    </ClInclude>
    <ClInclude Include="..\unitypr\shaped_glyph_buffer.h">
      <Filter>Header Files</Filter>
    </ClInclude>
    <ClInclude Include="..\unitypr\shaped_glyph_view.h">
      <Filter>Header Files</Filter>
    </ClInclude>
    <ClInclude Include="..\..\unicore\unicode_coverage.h">
      <Filter>Header Files</Filter>
    </ClInclude>
    <ClInclude Include="..\..\unicore\unicode_coverage_builder.h">
      <Filter>Header Files</Filter>
    </ClInclude>
    <ClInclude Include="..\..\unicore\unicode_coverage_data.h">
      <Filter>Header Files</Filter>
    </ClInclude>
    <ClInclude Include="..\..\unicore\unicode_coverage_storage.h">
      <Filter>Header Files</Filter>
    </ClInclude>
    <ClInclude Include="..\..\unicore\unicode_page_pool_builder.h">
      <Filter>Header Files</Filter>
    </ClInclude>
    <ClInclude Include="..\..\unicore\opentype_glyf.h">
      <Filter>Header Files</Filter>
    </ClInclude>
  </ItemGroup>
  <ItemGroup>
    <ClCompile Include="unipiper.cpp">
      <Filter>Source Files</Filter>
    </ClCompile>
  </ItemGroup>
</Project>