<?xml version="1.0" encoding="utf-8"?>
<Project ToolsVersion="4.0" xmlns="http://schemas.microsoft.com/developer/msbuild/2003">
  <ItemGroup>
    <Filter Include="Source Files">
      <UniqueIdentifier>{4FC737F1-C7A5-4376-A066-2A32D752A2FF}</UniqueIdentifier>
      <Extensions>cpp;c;cc;cxx;c++;cppm;ixx;def;odl;idl;hpj;bat;asm;asmx</Extensions>
    </Filter>
    <Filter Include="Header Files">
      <UniqueIdentifier>{93995380-89BD-4b04-88EB-625FBE52EBFB}</UniqueIdentifier>
      <Extensions>h;hh;hpp;hxx;h++;hm;inl;inc;ipp;xsd</Extensions>
    </Filter>
    <Filter Include="Resource Files">
      <UniqueIdentifier>{67DA6AB6-F800-4c08-8B7A-83BB121AAD01}</UniqueIdentifier>
      <Extensions>rc;ico;cur;bmp;dlg;rc2;rct;bin;rgs;gif;jpg;jpeg;jpe;resx;tiff;tif;png;wav;mfcribbon-ms</Extensions>
    </Filter>
  </ItemGroup>
  <ItemGroup>
    <ClCompile Include="scriptcomp.cpp">
      <Filter>Source Files</Filter>
    </ClCompile>
  </ItemGroup>
  <ItemGroup>
    <None Include="readme.md" />
  </ItemGroup>
  <ItemGroup>
    <ClInclude Include="..\..\unicore\scriptir\script_shaping_ir_types.h">
      <Filter>Header Files</Filter>
    </ClInclude>
    <ClInclude Include="..\..\unicore\scriptir\script_shaping_ir_builder.h">
      <Filter>Header Files</Filter>
    </ClInclude>
    <ClInclude Include="..\..\unicore\scriptir\script_shaping_ir.h">
      <Filter>Header Files</Filter>
    </ClInclude>
    <ClInclude Include="..\..\unicore\scriptir\script_shaping_ir_executor.h">
      <Filter>Header Files</Filter>
    </ClInclude>
    <ClInclude Include="test_script_shaping_ir_builder.h">
      <Filter>Source Files</Filter>
    </ClInclude>
    <ClInclude Include="..\..\unicore\scriptir\script_shaping_policy_compiler.h">
      <Filter>Header Files</Filter>
    </ClInclude>
    <ClInclude Include="test_script_shaping_policy_compiler.h">
      <Filter>Source Files</Filter>
    </ClInclude>
    <ClInclude Include="test_script_shaping_ir_executor.h">
      <Filter>Source Files</Filter>
    </ClInclude>
    <ClInclude Include="..\..\unicore\scriptir\script_shaping_buffer.h">
      <Filter>Header Files</Filter>
    </ClInclude>
    <ClInclude Include="test_script_shaping_buffer.h">
      <Filter>Source Files</Filter>
    </ClInclude>
    <ClInclude Include="..\..\unicore\opentype_nominal_glyphs.h">
      <Filter>Header Files</Filter>
    </ClInclude>
    <ClInclude Include="test_script_shaping_ir_scalar_replace.h">
      <Filter>Source Files</Filter>
    </ClInclude>
    <ClInclude Include="test_script_shaping_ir_thai_cmap.h">
      <Filter>Source Files</Filter>
    </ClInclude>
    <ClInclude Include="test_script_shaping_ir_thai_reorder.h">
      <Filter>Source Files</Filter>
    </ClInclude>
    <ClInclude Include="test_script_shaping_ir_scalar_move_left.h">
      <Filter>Source Files</Filter>
    </ClInclude>
    <ClInclude Include="test_script_shaping_ir_scalar_move_left_executor.h">
      <Filter>Source Files</Filter>
    </ClInclude>
    <ClInclude Include="test_script_shaping_ir_thai_full.h">
      <Filter>Source Files</Filter>
    </ClInclude>
    <ClInclude Include="test_script_shaping_ir_thai_conformance.h">
      <Filter>Source Files</Filter>
    </ClInclude>
    <ClInclude Include="..\..\unicore\scriptir\script_recognition_types.h">
      <Filter>Header Files</Filter>
    </ClInclude>
    <ClInclude Include="test_script_recognition_types.h">
      <Filter>Source Files</Filter>
    </ClInclude>
    <ClInclude Include="..\..\unicore\scriptir\script_recognition_result.h">
      <Filter>Header Files</Filter>
    </ClInclude>
    <ClInclude Include="test_script_recognition_result.h">
      <Filter>Source Files</Filter>
    </ClInclude>
    <ClInclude Include="..\..\unicore\scriptir\script_recognition_description.h">
      <Filter>Header Files</Filter>
    </ClInclude>
    <ClInclude Include="..\..\unicore\scriptir\script_recognition_dsl.h">
      <Filter>Header Files</Filter>
    </ClInclude>
    <ClInclude Include="test_script_recognition_dsl.h">
      <Filter>Source Files</Filter>
    </ClInclude>
    <ClInclude Include="test_script_recognition_dsl_models.h">
      <Filter>Source Files</Filter>
    </ClInclude>
    <ClInclude Include="..\..\unicore\scriptir\script_recognition_validator.h">
      <Filter>Header Files</Filter>
    </ClInclude>
    <ClInclude Include="test_script_recognition_validator.h">
      <Filter>Source Files</Filter>
    </ClInclude>
    <ClInclude Include="..\..\unicore\scriptir\script_recognition_dump.h">
      <Filter>Header Files</Filter>
    </ClInclude>
    <ClInclude Include="test_script_recognition_dump.h">
      <Filter>Source Files</Filter>
    </ClInclude>
    <ClInclude Include="..\..\unicore\scriptir\script_recognition_ir_types.h">
      <Filter>Header Files</Filter>
    </ClInclude>
    <ClInclude Include="test_script_recognition_ir_types.h">
      <Filter>Source Files</Filter>
    </ClInclude>
    <ClInclude Include="..\..\unicore\scriptir\script_recognition_ir.h">
      <Filter>Header Files</Filter>
    </ClInclude>
    <ClInclude Include="test_script_recognition_ir.h">
      <Filter>Source Files</Filter>
    </ClInclude>
    <ClInclude Include="..\..\unicore\scriptir\script_recognition_compiler.h">
      <Filter>Header Files</Filter>
    </ClInclude>
    <ClInclude Include="test_script_recognition_compiler.h">
      <Filter>Source Files</Filter>
    </ClInclude>
    <ClInclude Include="..\..\unicore\scriptir\script_recognition_interpreter.h">
      <Filter>Header Files</Filter>
    </ClInclude>
    <ClInclude Include="test_script_recognition_interpreter.h">
      <Filter>Source Files</Filter>
    </ClInclude>
    <ClInclude Include="test_script_recognition_interpreter_control.h">
      <Filter>Source Files</Filter>
    </ClInclude>
    <ClInclude Include="test_script_recognition_interpreter_backtracking.h">
      <Filter>Source Files</Filter>
    </ClInclude>
    <ClInclude Include="test_script_recognition_interpreter_models.h">
      <Filter>Source Files</Filter>
    </ClInclude>
    <ClInclude Include="..\..\unicore\scriptir\script_item_classifier_types.h">
      <Filter>Header Files</Filter>
    </ClInclude>
    <ClInclude Include="..\..\unicore\scriptir\script_item_classifier_description.h">
      <Filter>Header Files</Filter>
    </ClInclude>
    <ClInclude Include="..\..\unicore\scriptir\script_item_classifier_dsl.h">
      <Filter>Header Files</Filter>
    </ClInclude>
    <ClInclude Include="test_script_item_classifier_dsl.h">
      <Filter>Source Files</Filter>
    </ClInclude>
    <ClInclude Include="..\..\unicore\scriptir\script_item_classifier_validator.h">
      <Filter>Header Files</Filter>
    </ClInclude>
    <ClInclude Include="test_script_item_classifier_validator.h">
      <Filter>Source Files</Filter>
    </ClInclude>
    <ClInclude Include="..\..\unicore\ucdb\unicode_indic_positional_category.h">
      <Filter>Header Files</Filter>
    </ClInclude>
    <ClInclude Include="..\..\unicore\scriptir\script_item_classifier_dump.h">
      <Filter>Header Files</Filter>
    </ClInclude>
    <ClInclude Include="..\..\unicore\scriptir\test_script_item_classifier_dump.h">
      <Filter>Source Files</Filter>
    </ClInclude>
    <ClInclude Include="..\..\unicore\scriptir\script_item_classifier_ucdb.h">
      <Filter>Header Files</Filter>
    </ClInclude>
    <ClInclude Include="..\..\unicore\scriptir\script_item_classifier_eval.h">
      <Filter>Header Files</Filter>
    </ClInclude>
    <ClInclude Include="test_script_item_classifier_eval.h">
      <Filter>Source Files</Filter>
    </ClInclude>
    <ClInclude Include="test_script_item_classifier_ucdb.h">
      <Filter>Source Files</Filter>
    </ClInclude>
    <ClInclude Include="test_script_recognition_compiler_control.h">
      <Filter>Source Files</Filter>
    </ClInclude>
    <ClInclude Include="..\..\unicore\scriptir\script_item_recognition.h">
      <Filter>Header Files</Filter>
    </ClInclude>
    <ClInclude Include="test_script_item_recognition.h">
      <Filter>Source Files</Filter>
    </ClInclude>
    <ClInclude Include="..\..\unicore\scriptir\item_classifier_devanagari.h">
      <Filter>Header Files</Filter>
    </ClInclude>
    <ClInclude Include="test_devanagari_item_classifier_dump.h">
      <Filter>Source Files</Filter>
    </ClInclude>
    <ClInclude Include="test_item_classifier_thai_dump.h">
      <Filter>Source Files</Filter>
    </ClInclude>
    <ClInclude Include="..\..\unicore\scriptir\item_classifier_thai.h">
      <Filter>Header Files</Filter>
    </ClInclude>
    <ClInclude Include="..\..\unicore\scriptir\recognition_devanagari.h">
      <Filter>Header Files</Filter>
    </ClInclude>
    <ClInclude Include="test_recognition_devanagari_dump.h">
      <Filter>Source Files</Filter>
    </ClInclude>
    <ClInclude Include="test_recognition_devanagari_integration.h">
      <Filter>Source Files</Filter>
    </ClInclude>
    <ClInclude Include="..\..\unicore\scriptir\shaping_devanagari.h">
      <Filter>Header Files</Filter>
    </ClInclude>
    <ClInclude Include="..\..\unicore\scriptir\script_shaping_provenance.h">
      <Filter>Header Files</Filter>
    </ClInclude>
    <ClInclude Include="test_script_shaping_provenance.h">
      <Filter>Source Files</Filter>
    </ClInclude>
    <ClInclude Include="..\..\unicore\scriptir\script_shaping_role_selection.h">
      <Filter>Header Files</Filter>
    </ClInclude>
    <ClInclude Include="..\..\unicore\scriptir\script_shaping_selection_types.h">
      <Filter>Header Files</Filter>
    </ClInclude>
    <ClInclude Include="test_script_shaping_selection_types.h">
      <Filter>Source Files</Filter>
    </ClInclude>
    <ClInclude Include="..\..\unicore\scriptir\script_shaping_selection.h">
      <Filter>Header Files</Filter>
    </ClInclude>
    <ClInclude Include="test_script_shaping_selection.h">
      <Filter>Source Files</Filter>
    </ClInclude>
    <ClInclude Include="test_script_shaping_selection_assignment.h">
      <Filter>Source Files</Filter>
    </ClInclude>
    <ClInclude Include="test_script_shaping_ir_selection.h">
      <Filter>Source Files</Filter>
    </ClInclude>
    <ClInclude Include="..\..\unicore\scriptir\script_shaping_glyph_selection.h">
      <Filter>Header Files</Filter>
    </ClInclude>
    <ClInclude Include="test_script_shaping_glyph_selection.h">
      <Filter>Source Files</Filter>
    </ClInclude>
    <ClInclude Include="..\..\unicore\unicomp\opentype_gpos_ir_compiler.h">
      <Filter>Header Files</Filter>
    </ClInclude>
    <ClInclude Include="..\..\unicore\unicomp\opentype_gpos_ir_executor.h">
      <Filter>Header Files</Filter>
    </ClInclude>
    <ClInclude Include="..\..\unicore\unicomp\opentype_gsub_ir_compiler.h">
      <Filter>Header Files</Filter>
    </ClInclude>
    <ClInclude Include="..\..\unicore\unicomp\opentype_gsub_ir_executor.h">
      <Filter>Header Files</Filter>
    </ClInclude>
    <ClInclude Include="..\..\unicore\unicomp\opentype_shaping_ir.h">
      <Filter>Header Files</Filter>
    </ClInclude>
    <ClInclude Include="..\..\unicore\unicomp\opentype_shaping_ir_plan.h">
      <Filter>Header Files</Filter>
    </ClInclude>
    <ClInclude Include="test_opentype_gsub_ir_selected.h">
      <Filter>Source Files</Filter>
    </ClInclude>
    <ClInclude Include="test_script_shaping_ir_gsub_selection.h">
      <Filter>Source Files</Filter>
    </ClInclude>
    <ClInclude Include="test_script_shaping_ir_gsub_changed_selection.h">
      <Filter>Source Files</Filter>
    </ClInclude>
    <ClInclude Include="test_shaping_devanagari.h">
      <Filter>Source Files</Filter>
    </ClInclude>
    <ClInclude Include="test_script_shaping_indic_base.h">
      <Filter>Source Files</Filter>
    </ClInclude>
    <ClInclude Include="test_script_shaping_indic_base_gsub.h">
      <Filter>Source Files</Filter>
    </ClInclude>
    <ClInclude Include="..\..\unicore\opentype_tags.h">
      <Filter>Header Files</Filter>
    </ClInclude>
    <ClInclude Include="test_script_shaping_move_selection.h">
      <Filter>Source Files</Filter>
    </ClInclude>
    <ClInclude Include="test_shaping_devanagari_end_to_end.h">
      <Filter>Source Files</Filter>
    </ClInclude>
    <ClInclude Include="test_svg_devanagari_gallery.h">
      <Filter>Source Files</Filter>
    </ClInclude>
    <ClInclude Include="test_devanagari_script_edge_cases.h">
      <Filter>Source Files</Filter>
    </ClInclude>
    <ClInclude Include="..\..\unicore\unicode_script_analysis.h">
      <Filter>Header Files</Filter>
    </ClInclude>
    <ClInclude Include="..\..\unicore\svgdrv\svg_text_drawer.h">
      <Filter>Header Files</Filter>
    </ClInclude>
  </ItemGroup>
</Project>