<?xml version="1.0" encoding="utf-8"?>
<Project ToolsVersion="4.0" xmlns="http://schemas.microsoft.com/developer/msbuild/2003">
  <ItemGroup>
    <Filter Include="Source Files">
      <UniqueIdentifier>{4FC737F1-C7A5-4376-A066-2A32D752A2FF}</UniqueIdentifier>
      <Extensions>cpp;c;cc;cxx;c++;cppm;ixx;def;odl;idl;hpj;bat;asm;asmx</Extensions>
    </Filter>
    <Filter Include="Header Files">
      <UniqueIdentifier>{93995380-89BD-4b04-88EB-625FBE52EBFB}</UniqueIdentifier>
      <Extensions>h;hh;hpp;hxx;h++;hm;inl;inc;ipp;xsd</Extensions>
    </Filter>
    <Filter Include="Resource Files">
      <UniqueIdentifier>{67DA6AB6-F800-4c08-8B7A-83BB121AAD01}</UniqueIdentifier>
      <Extensions>rc;ico;cur;bmp;dlg;rc2;rct;bin;rgs;gif;jpg;jpeg;jpe;resx;tiff;tif;png;wav;mfcribbon-ms</Extensions>
    </Filter>
  </ItemGroup>
  <ItemGroup>
    <ClInclude Include="svg_path_data_sink.h">
      <Filter>Header Files</Filter>
    </ClInclude>
    <ClInclude Include="test_opentype_layout_view.h">
      <Filter>Source Files</Filter>
    </ClInclude>
    <ClInclude Include="test_opentype_layout_lookup_view.h">
      <Filter>Source Files</Filter>
    </ClInclude>
    <ClInclude Include="test_opentype_layout_feature_view.h">
      <Filter>Source Files</Filter>
    </ClInclude>
    <ClInclude Include="test_opentype_glyf_pathprogram.h">
      <Filter>Source Files</Filter>
    </ClInclude>
    <ClInclude Include="test_opentype_glyf_pathprogram_gallery.h">
      <Filter>Source Files</Filter>
    </ClInclude>
    <ClInclude Include="test_svg_glyph_definition_cache.h">
      <Filter>Source Files</Filter>
    </ClInclude>
    <ClInclude Include="svg_text_backend.h">
      <Filter>Header Files</Filter>
    </ClInclude>
    <ClInclude Include="test_svg_text_backend.h">
      <Filter>Source Files</Filter>
    </ClInclude>
    <ClInclude Include="svg_glyph_definition_cache.h">
      <Filter>Header Files</Filter>
    </ClInclude>
    <ClInclude Include="svg_document_builder.h">
      <Filter>Header Files</Filter>
    </ClInclude>
    <ClInclude Include="..\..\unicore\opentype_glyf.h">
      <Filter>Header Files</Filter>
    </ClInclude>
    <ClInclude Include="..\..\unicore\font_face.h">
      <Filter>Header Files</Filter>
    </ClInclude>
    <ClInclude Include="..\..\unicore\glyph_positioning.h">
      <Filter>Header Files</Filter>
    </ClInclude>
    <ClInclude Include="test_glyph_positioning.h">
      <Filter>Source Files</Filter>
    </ClInclude>
    <ClInclude Include="svg_text_run_adapter.h">
      <Filter>Header Files</Filter>
    </ClInclude>
    <ClInclude Include="test_svg_text_run_adapter.h">
      <Filter>Source Files</Filter>
    </ClInclude>
    <ClInclude Include="test_gpos_kerning_font_scan.h">
      <Filter>Source Files</Filter>
    </ClInclude>
    <ClInclude Include="test_svg_latin_text_pipeline.h">
      <Filter>Source Files</Filter>
    </ClInclude>
    <ClInclude Include="svg_text_drawer.h">
      <Filter>Header Files</Filter>
    </ClInclude>
    <ClInclude Include="test_svg_text_drawer.h">
      <Filter>Source Files</Filter>
    </ClInclude>
    <ClInclude Include="test_svg_text_gallery.h">
      <Filter>Source Files</Filter>
    </ClInclude>
    <ClInclude Include="..\..\unicore\unicode_bidi_visual_order.h">
      <Filter>Header Files</Filter>
    </ClInclude>
    <ClInclude Include="..\..\unicore\test_unicode_bidi_visual_order.h">
      <Filter>Source Files</Filter>
    </ClInclude>
    <ClInclude Include="..\..\unicore\test_glyph_positioning_rtl.h">
      <Filter>Source Files</Filter>
    </ClInclude>
    <ClInclude Include="..\..\unicore\horizontal_bidi_positioning.h">
      <Filter>Header Files</Filter>
    </ClInclude>
    <ClInclude Include="test_horizontal_bidi_positioning.h">
      <Filter>Source Files</Filter>
    </ClInclude>
    <ClInclude Include="test_svg_bidi_gallery.h">
      <Filter>Source Files</Filter>
    </ClInclude>
    <ClInclude Include="..\..\unicore\opentype_horizontal_shaper.h">
      <Filter>Header Files</Filter>
    </ClInclude>
    <ClInclude Include="..\..\unicore\opentype_gsub_lookup_apply.h">
      <Filter>Header Files</Filter>
    </ClInclude>
    <ClInclude Include="test_find_hebrew_font.h">
      <Filter>Source Files</Filter>
    </ClInclude>
    <ClInclude Include="test_horizontal_bidi_position_sanity.h">
      <Filter>Source Files</Filter>
    </ClInclude>
  </ItemGroup>
  <ItemGroup>
    <ClCompile Include="opentyper.cpp">
      <Filter>Source Files</Filter>
    </ClCompile>
  </ItemGroup>
</Project>